
Microsoft Visual Studio Solution File, Format Version 12.00
# Visual Studio Version 17
VisualStudioVersion = 17.14.36414.22
MinimumVisualStudioVersion = 10.0.40219.1
Project("{FAE04EC0-301F-11D3-BF4B-00C04F79EFBC}") = "MailToUserStory", "MailToUserStory\MailToUserStory.csproj", "{39DDB11D-CC33-4BB2-8D0C-85A46190F83C}"
EndProject
Global
	GlobalSection(SolutionConfigurationPlatforms) = preSolution
		Debug|Any CPU = Debug|Any CPU
		Release|Any CPU = Release|Any CPU
	EndGlobalSection
	GlobalSection(ProjectConfigurationPlatforms) = postSolution
		{39DDB11D-CC33-4BB2-8D0C-85A46190F83C}.Debug|Any CPU.ActiveCfg = Debug|Any CPU
		{39DDB11D-CC33-4BB2-8D0C-85A46190F83C}.Debug|Any CPU.Build.0 = Debug|Any CPU
		{39DDB11D-CC33-4BB2-8D0C-85A46190F83C}.Release|Any CPU.ActiveCfg = Release|Any CPU
		{39DDB11D-CC33-4BB2-8D0C-85A46190F83C}.Release|Any CPU.Build.0 = Release|Any CPU
	EndGlobalSection
	GlobalSection(SolutionProperties) = preSolution
		HideSolutionNode = FALSE
	EndGlobalSection
	GlobalSection(ExtensibilityGlobals) = postSolution
		SolutionGuid = {ACBAB6FF-3B17-4D99-93BF-9806852BAA12}
	EndGlobalSection
EndGlobal
